<?xml version="1.0" encoding="utf-8"?>
<Project ToolsVersion="4.0" xmlns="http://schemas.microsoft.com/developer/msbuild/2003">
  <ItemGroup>
    <Filter Include="Arquivos de Cabeçalho">
      <UniqueIdentifier>{93995380-89BD-4b04-88EB-625FBE52EBFB}</UniqueIdentifier>
      <Extensions>h;hh;hpp;hxx;h++;hm;inl;inc;ipp;xsd</Extensions>
    </Filter>
    <Filter Include="Arquivos de Recurso">
      <UniqueIdentifier>{67DA6AB6-F800-4c08-8B7A-83BB121AAD01}</UniqueIdentifier>
      <Extensions>rc;ico;cur;bmp;dlg;rc2;rct;bin;rgs;gif;jpg;jpeg;jpe;resx;tiff;tif;png;wav;mfcribbon-ms</Extensions>
    </Filter>
    <Filter Include="Arquivos de origem">
      <UniqueIdentifier>{68d6d173-6e2d-47ee-828f-8099b9331538}</UniqueIdentifier>
    </Filter>
    <Filter Include="shaders">
      <UniqueIdentifier>{035b453a-e338-405c-a06d-12f493315e7f}</UniqueIdentifier>
    </Filter>
  </ItemGroup>
  <ItemGroup>
    <ClInclude Include="appearance.h">
      <Filter>Arquivos de Cabeçalho</Filter>
    </ClInclude>
    <ClInclude Include="camera.h">
      <Filter>Arquivos de Cabeçalho</Filter>
    </ClInclude>
    <ClInclude Include="engine.h">
      <Filter>Arquivos de Cabeçalho</Filter>
    </ClInclude>
    <ClInclude Include="error.h">
      <Filter>Arquivos de Cabeçalho</Filter>
    </ClInclude>
    <ClInclude Include="shader.h">
      <Filter>Arquivos de Cabeçalho</Filter>
    </ClInclude>
    <ClInclude Include="shape.h">
      <Filter>Arquivos de Cabeçalho</Filter>
    </ClInclude>
    <ClInclude Include="state.h">
      <Filter>Arquivos de Cabeçalho</Filter>
    </ClInclude>
    <ClInclude Include="transform.h">
      <Filter>Arquivos de Cabeçalho</Filter>
    </ClInclude>
    <ClInclude Include="node.h">
      <Filter>Arquivos de Cabeçalho</Filter>
    </ClInclude>
    <ClInclude Include="scene.h">
      <Filter>Arquivos de Cabeçalho</Filter>
    </ClInclude>
    <ClInclude Include="disk.h">
      <Filter>Arquivos de Cabeçalho</Filter>
    </ClInclude>
  </ItemGroup>
  <ItemGroup>
    <ClCompile Include="color.h">
      <Filter>Arquivos de Cabeçalho</Filter>
    </ClCompile>
    <ClCompile Include="triangle.h">
      <Filter>Arquivos de Cabeçalho</Filter>
    </ClCompile>
    <ClCompile Include="camera.cpp">
      <Filter>Arquivos de origem</Filter>
    </ClCompile>
    <ClCompile Include="color.cpp">
      <Filter>Arquivos de origem</Filter>
    </ClCompile>
    <ClCompile Include="error.cpp">
      <Filter>Arquivos de origem</Filter>
    </ClCompile>
    <ClCompile Include="main_crono.cpp">
      <Filter>Arquivos de origem</Filter>
    </ClCompile>
    <ClCompile Include="node.cpp">
      <Filter>Arquivos de origem</Filter>
    </ClCompile>
    <ClCompile Include="scene.cpp">
      <Filter>Arquivos de origem</Filter>
    </ClCompile>
    <ClCompile Include="shader.cpp">
      <Filter>Arquivos de origem</Filter>
    </ClCompile>
    <ClCompile Include="state.cpp">
      <Filter>Arquivos de origem</Filter>
    </ClCompile>
    <ClCompile Include="transform.cpp">
      <Filter>Arquivos de origem</Filter>
    </ClCompile>
    <ClCompile Include="triangle.cpp">
      <Filter>Arquivos de origem</Filter>
    </ClCompile>
    <ClCompile Include="disk.cpp">
      <Filter>Arquivos de origem</Filter>
    </ClCompile>
  </ItemGroup>
  <ItemGroup>
    <None Include="fragment.glsl">
      <Filter>Arquivos de origem</Filter>
    </None>
    <None Include="vertex.glsl">
      <Filter>Arquivos de origem</Filter>
    </None>
  </ItemGroup>
</Project>